
Microsoft Visual Studio Solution File, Format Version 12.00
# Visual Studio 15
VisualStudioVersion = 15.0.28307.329
MinimumVisualStudioVersion = 10.0.40219.1
Project("{FAE04EC0-301F-11D3-BF4B-00C04F79EFBC}") = "Bisection", "Bisection\Bisection.csproj", "{B4C0DD46-456D-4DFD-90A3-BB93E2BA0666}"
EndProject
Global
	GlobalSection(SolutionConfigurationPlatforms) = preSolution
		Debug|Any CPU = Debug|Any CPU
		Release|Any CPU = Release|Any CPU
	EndGlobalSection
	GlobalSection(ProjectConfigurationPlatforms) = postSolution
		{B4C0DD46-456D-4DFD-90A3-BB93E2BA0666}.Debug|Any CPU.ActiveCfg = Debug|Any CPU
		{B4C0DD46-456D-4DFD-90A3-BB93E2BA0666}.Debug|Any CPU.Build.0 = Debug|Any CPU
		{B4C0DD46-456D-4DFD-90A3-BB93E2BA0666}.Release|Any CPU.ActiveCfg = Release|Any CPU
		{B4C0DD46-456D-4DFD-90A3-BB93E2BA0666}.Release|Any CPU.Build.0 = Release|Any CPU
	EndGlobalSection
	GlobalSection(SolutionProperties) = preSolution
		HideSolutionNode = FALSE
	EndGlobalSection
	GlobalSection(ExtensibilityGlobals) = postSolution
		SolutionGuid = {6B6B8840-3E73-4AE8-B77B-09C2D086CAF7}
	EndGlobalSection
EndGlobal
